
Microsoft Visual Studio Solution File, Format Version 12.00
# Visual Studio Version 17
VisualStudioVersion = 17.10.34928.147
MinimumVisualStudioVersion = 10.0.40219.1
Project("{9A19103F-16F7-4668-BE54-9A1E7A4F7556}") = "Exemplo001", "Apps\Exemplo001\Exemplo001.csproj", "{0F46E181-F2DB-4E14-AAF7-FC9AC12F4B1B}"
EndProject
Project("{9A19103F-16F7-4668-BE54-9A1E7A4F7556}") = "Exemplo002", "Apps\Exemplo002\Exemplo002.csproj", "{206C02BE-9DC1-4357-836C-44879929DC56}"
EndProject
Project("{9A19103F-16F7-4668-BE54-9A1E7A4F7556}") = "Exemplo003", "Apps\Exemplo003\Exemplo003.csproj", "{98E96EAD-E71D-422E-B457-D4D638B6E2A6}"
EndProject
Project("{C7167F0D-BC9F-4E6E-AFE1-012C56B48DB5}") = "ExemploWSIX", "ExemploWSIX\ExemploWSIX.wapproj", "{7EB2D869-2A1B-4EA9-8CF4-DFB426EC2AC2}"
EndProject
Project("{FAE04EC0-301F-11D3-BF4B-00C04F79EFBC}") = "WinFormsExemploAutoUpdate", "WinFormsExemploAutoUpdate\WinFormsExemploAutoUpdate.csproj", "{87EB8434-B8B1-44EC-9831-8DA4727605BB}"
EndProject
Project("{FAE04EC0-301F-11D3-BF4B-00C04F79EFBC}") = "ConsoleAppAutoUpdate", "ConsoleAppAutoUpdate\ConsoleAppAutoUpdate.csproj", "{1D027615-4B50-4C87-A535-795E45381EFF}"
EndProject
Project("{2150E333-8FDC-42A3-9474-1A3956D46DE8}") = "Itens de Solução", "Itens de Solução", "{2783BDC7-C551-4181-865D-3FD3B8BF9862}"
	ProjectSection(SolutionItems) = preProject
		changelog.md = changelog.md
		teste.xml = teste.xml
	EndProjectSection
EndProject
Global
	GlobalSection(SolutionConfigurationPlatforms) = preSolution
		Debug|Any CPU = Debug|Any CPU
		Debug|ARM = Debug|ARM
		Debug|ARM64 = Debug|ARM64
		Debug|x64 = Debug|x64
		Debug|x86 = Debug|x86
		Release|Any CPU = Release|Any CPU
		Release|ARM = Release|ARM
		Release|ARM64 = Release|ARM64
		Release|x64 = Release|x64
		Release|x86 = Release|x86
	EndGlobalSection
	GlobalSection(ProjectConfigurationPlatforms) = postSolution
		{0F46E181-F2DB-4E14-AAF7-FC9AC12F4B1B}.Debug|Any CPU.ActiveCfg = Debug|Any CPU
		{0F46E181-F2DB-4E14-AAF7-FC9AC12F4B1B}.Debug|Any CPU.Build.0 = Debug|Any CPU
		{0F46E181-F2DB-4E14-AAF7-FC9AC12F4B1B}.Debug|ARM.ActiveCfg = Debug|Any CPU
		{0F46E181-F2DB-4E14-AAF7-FC9AC12F4B1B}.Debug|ARM.Build.0 = Debug|Any CPU
		{0F46E181-F2DB-4E14-AAF7-FC9AC12F4B1B}.Debug|ARM64.ActiveCfg = Debug|Any CPU
		{0F46E181-F2DB-4E14-AAF7-FC9AC12F4B1B}.Debug|ARM64.Build.0 = Debug|Any CPU
		{0F46E181-F2DB-4E14-AAF7-FC9AC12F4B1B}.Debug|x64.ActiveCfg = Debug|Any CPU
		{0F46E181-F2DB-4E14-AAF7-FC9AC12F4B1B}.Debug|x64.Build.0 = Debug|Any CPU
		{0F46E181-F2DB-4E14-AAF7-FC9AC12F4B1B}.Debug|x86.ActiveCfg = Debug|Any CPU
		{0F46E181-F2DB-4E14-AAF7-FC9AC12F4B1B}.Debug|x86.Build.0 = Debug|Any CPU
		{0F46E181-F2DB-4E14-AAF7-FC9AC12F4B1B}.Release|Any CPU.ActiveCfg = Release|Any CPU
		{0F46E181-F2DB-4E14-AAF7-FC9AC12F4B1B}.Release|Any CPU.Build.0 = Release|Any CPU
		{0F46E181-F2DB-4E14-AAF7-FC9AC12F4B1B}.Release|ARM.ActiveCfg = Release|Any CPU
		{0F46E181-F2DB-4E14-AAF7-FC9AC12F4B1B}.Release|ARM.Build.0 = Release|Any CPU
		{0F46E181-F2DB-4E14-AAF7-FC9AC12F4B1B}.Release|ARM64.ActiveCfg = Release|Any CPU
		{0F46E181-F2DB-4E14-AAF7-FC9AC12F4B1B}.Release|ARM64.Build.0 = Release|Any CPU
		{0F46E181-F2DB-4E14-AAF7-FC9AC12F4B1B}.Release|x64.ActiveCfg = Release|Any CPU
		{0F46E181-F2DB-4E14-AAF7-FC9AC12F4B1B}.Release|x64.Build.0 = Release|Any CPU
		{0F46E181-F2DB-4E14-AAF7-FC9AC12F4B1B}.Release|x86.ActiveCfg = Release|Any CPU
		{0F46E181-F2DB-4E14-AAF7-FC9AC12F4B1B}.Release|x86.Build.0 = Release|Any CPU
		{206C02BE-9DC1-4357-836C-44879929DC56}.Debug|Any CPU.ActiveCfg = Debug|Any CPU
		{206C02BE-9DC1-4357-836C-44879929DC56}.Debug|Any CPU.Build.0 = Debug|Any CPU
		{206C02BE-9DC1-4357-836C-44879929DC56}.Debug|ARM.ActiveCfg = Debug|Any CPU
		{206C02BE-9DC1-4357-836C-44879929DC56}.Debug|ARM.Build.0 = Debug|Any CPU
		{206C02BE-9DC1-4357-836C-44879929DC56}.Debug|ARM64.ActiveCfg = Debug|Any CPU
		{206C02BE-9DC1-4357-836C-44879929DC56}.Debug|ARM64.Build.0 = Debug|Any CPU
		{206C02BE-9DC1-4357-836C-44879929DC56}.Debug|x64.ActiveCfg = Debug|Any CPU
		{206C02BE-9DC1-4357-836C-44879929DC56}.Debug|x64.Build.0 = Debug|Any CPU
		{206C02BE-9DC1-4357-836C-44879929DC56}.Debug|x86.ActiveCfg = Debug|Any CPU
		{206C02BE-9DC1-4357-836C-44879929DC56}.Debug|x86.Build.0 = Debug|Any CPU
		{206C02BE-9DC1-4357-836C-44879929DC56}.Release|Any CPU.ActiveCfg = Release|Any CPU
		{206C02BE-9DC1-4357-836C-44879929DC56}.Release|Any CPU.Build.0 = Release|Any CPU
		{206C02BE-9DC1-4357-836C-44879929DC56}.Release|ARM.ActiveCfg = Release|Any CPU
		{206C02BE-9DC1-4357-836C-44879929DC56}.Release|ARM.Build.0 = Release|Any CPU
		{206C02BE-9DC1-4357-836C-44879929DC56}.Release|ARM64.ActiveCfg = Release|Any CPU
		{206C02BE-9DC1-4357-836C-44879929DC56}.Release|ARM64.Build.0 = Release|Any CPU
		{206C02BE-9DC1-4357-836C-44879929DC56}.Release|x64.ActiveCfg = Release|Any CPU
		{206C02BE-9DC1-4357-836C-44879929DC56}.Release|x64.Build.0 = Release|Any CPU
		{206C02BE-9DC1-4357-836C-44879929DC56}.Release|x86.ActiveCfg = Release|Any CPU
		{206C02BE-9DC1-4357-836C-44879929DC56}.Release|x86.Build.0 = Release|Any CPU
		{98E96EAD-E71D-422E-B457-D4D638B6E2A6}.Debug|Any CPU.ActiveCfg = Debug|Any CPU
		{98E96EAD-E71D-422E-B457-D4D638B6E2A6}.Debug|Any CPU.Build.0 = Debug|Any CPU
		{98E96EAD-E71D-422E-B457-D4D638B6E2A6}.Debug|ARM.ActiveCfg = Debug|Any CPU
		{98E96EAD-E71D-422E-B457-D4D638B6E2A6}.Debug|ARM.Build.0 = Debug|Any CPU
		{98E96EAD-E71D-422E-B457-D4D638B6E2A6}.Debug|ARM64.ActiveCfg = Debug|Any CPU
		{98E96EAD-E71D-422E-B457-D4D638B6E2A6}.Debug|ARM64.Build.0 = Debug|Any CPU
		{98E96EAD-E71D-422E-B457-D4D638B6E2A6}.Debug|x64.ActiveCfg = Debug|Any CPU
		{98E96EAD-E71D-422E-B457-D4D638B6E2A6}.Debug|x64.Build.0 = Debug|Any CPU
		{98E96EAD-E71D-422E-B457-D4D638B6E2A6}.Debug|x86.ActiveCfg = Debug|Any CPU
		{98E96EAD-E71D-422E-B457-D4D638B6E2A6}.Debug|x86.Build.0 = Debug|Any CPU
		{98E96EAD-E71D-422E-B457-D4D638B6E2A6}.Release|Any CPU.ActiveCfg = Release|Any CPU
		{98E96EAD-E71D-422E-B457-D4D638B6E2A6}.Release|Any CPU.Build.0 = Release|Any CPU
		{98E96EAD-E71D-422E-B457-D4D638B6E2A6}.Release|ARM.ActiveCfg = Release|Any CPU
		{98E96EAD-E71D-422E-B457-D4D638B6E2A6}.Release|ARM.Build.0 = Release|Any CPU
		{98E96EAD-E71D-422E-B457-D4D638B6E2A6}.Release|ARM64.ActiveCfg = Release|Any CPU
		{98E96EAD-E71D-422E-B457-D4D638B6E2A6}.Release|ARM64.Build.0 = Release|Any CPU
		{98E96EAD-E71D-422E-B457-D4D638B6E2A6}.Release|x64.ActiveCfg = Release|Any CPU
		{98E96EAD-E71D-422E-B457-D4D638B6E2A6}.Release|x64.Build.0 = Release|Any CPU
		{98E96EAD-E71D-422E-B457-D4D638B6E2A6}.Release|x86.ActiveCfg = Release|Any CPU
		{98E96EAD-E71D-422E-B457-D4D638B6E2A6}.Release|x86.Build.0 = Release|Any CPU
		{7EB2D869-2A1B-4EA9-8CF4-DFB426EC2AC2}.Debug|Any CPU.ActiveCfg = Debug|Any CPU
		{7EB2D869-2A1B-4EA9-8CF4-DFB426EC2AC2}.Debug|Any CPU.Build.0 = Debug|Any CPU
		{7EB2D869-2A1B-4EA9-8CF4-DFB426EC2AC2}.Debug|Any CPU.Deploy.0 = Debug|Any CPU
		{7EB2D869-2A1B-4EA9-8CF4-DFB426EC2AC2}.Debug|ARM.ActiveCfg = Debug|ARM
		{7EB2D869-2A1B-4EA9-8CF4-DFB426EC2AC2}.Debug|ARM.Build.0 = Debug|ARM
		{7EB2D869-2A1B-4EA9-8CF4-DFB426EC2AC2}.Debug|ARM.Deploy.0 = Debug|ARM
		{7EB2D869-2A1B-4EA9-8CF4-DFB426EC2AC2}.Debug|ARM64.ActiveCfg = Debug|ARM64
		{7EB2D869-2A1B-4EA9-8CF4-DFB426EC2AC2}.Debug|ARM64.Build.0 = Debug|ARM64
		{7EB2D869-2A1B-4EA9-8CF4-DFB426EC2AC2}.Debug|ARM64.Deploy.0 = Debug|ARM64
		{7EB2D869-2A1B-4EA9-8CF4-DFB426EC2AC2}.Debug|x64.ActiveCfg = Debug|x64
		{7EB2D869-2A1B-4EA9-8CF4-DFB426EC2AC2}.Debug|x64.Build.0 = Debug|x64
		{7EB2D869-2A1B-4EA9-8CF4-DFB426EC2AC2}.Debug|x64.Deploy.0 = Debug|x64
		{7EB2D869-2A1B-4EA9-8CF4-DFB426EC2AC2}.Debug|x86.ActiveCfg = Debug|x86
		{7EB2D869-2A1B-4EA9-8CF4-DFB426EC2AC2}.Debug|x86.Build.0 = Debug|x86
		{7EB2D869-2A1B-4EA9-8CF4-DFB426EC2AC2}.Debug|x86.Deploy.0 = Debug|x86
		{7EB2D869-2A1B-4EA9-8CF4-DFB426EC2AC2}.Release|Any CPU.ActiveCfg = Release|Any CPU
		{7EB2D869-2A1B-4EA9-8CF4-DFB426EC2AC2}.Release|Any CPU.Build.0 = Release|Any CPU
		{7EB2D869-2A1B-4EA9-8CF4-DFB426EC2AC2}.Release|Any CPU.Deploy.0 = Release|Any CPU
		{7EB2D869-2A1B-4EA9-8CF4-DFB426EC2AC2}.Release|ARM.ActiveCfg = Release|ARM
		{7EB2D869-2A1B-4EA9-8CF4-DFB426EC2AC2}.Release|ARM.Build.0 = Release|ARM
		{7EB2D869-2A1B-4EA9-8CF4-DFB426EC2AC2}.Release|ARM.Deploy.0 = Release|ARM
		{7EB2D869-2A1B-4EA9-8CF4-DFB426EC2AC2}.Release|ARM64.ActiveCfg = Release|ARM64
		{7EB2D869-2A1B-4EA9-8CF4-DFB426EC2AC2}.Release|ARM64.Build.0 = Release|ARM64
		{7EB2D869-2A1B-4EA9-8CF4-DFB426EC2AC2}.Release|ARM64.Deploy.0 = Release|ARM64
		{7EB2D869-2A1B-4EA9-8CF4-DFB426EC2AC2}.Release|x64.ActiveCfg = Release|x64
		{7EB2D869-2A1B-4EA9-8CF4-DFB426EC2AC2}.Release|x64.Build.0 = Release|x64
		{7EB2D869-2A1B-4EA9-8CF4-DFB426EC2AC2}.Release|x64.Deploy.0 = Release|x64
		{7EB2D869-2A1B-4EA9-8CF4-DFB426EC2AC2}.Release|x86.ActiveCfg = Release|x86
		{7EB2D869-2A1B-4EA9-8CF4-DFB426EC2AC2}.Release|x86.Build.0 = Release|x86
		{7EB2D869-2A1B-4EA9-8CF4-DFB426EC2AC2}.Release|x86.Deploy.0 = Release|x86
		{87EB8434-B8B1-44EC-9831-8DA4727605BB}.Debug|Any CPU.ActiveCfg = Debug|Any CPU
		{87EB8434-B8B1-44EC-9831-8DA4727605BB}.Debug|Any CPU.Build.0 = Debug|Any CPU
		{87EB8434-B8B1-44EC-9831-8DA4727605BB}.Debug|ARM.ActiveCfg = Debug|Any CPU
		{87EB8434-B8B1-44EC-9831-8DA4727605BB}.Debug|ARM.Build.0 = Debug|Any CPU
		{87EB8434-B8B1-44EC-9831-8DA4727605BB}.Debug|ARM64.ActiveCfg = Debug|Any CPU
		{87EB8434-B8B1-44EC-9831-8DA4727605BB}.Debug|ARM64.Build.0 = Debug|Any CPU
		{87EB8434-B8B1-44EC-9831-8DA4727605BB}.Debug|x64.ActiveCfg = Debug|Any CPU
		{87EB8434-B8B1-44EC-9831-8DA4727605BB}.Debug|x64.Build.0 = Debug|Any CPU
		{87EB8434-B8B1-44EC-9831-8DA4727605BB}.Debug|x86.ActiveCfg = Debug|Any CPU
		{87EB8434-B8B1-44EC-9831-8DA4727605BB}.Debug|x86.Build.0 = Debug|Any CPU
		{87EB8434-B8B1-44EC-9831-8DA4727605BB}.Release|Any CPU.ActiveCfg = Release|Any CPU
		{87EB8434-B8B1-44EC-9831-8DA4727605BB}.Release|Any CPU.Build.0 = Release|Any CPU
		{87EB8434-B8B1-44EC-9831-8DA4727605BB}.Release|ARM.ActiveCfg = Release|Any CPU
		{87EB8434-B8B1-44EC-9831-8DA4727605BB}.Release|ARM.Build.0 = Release|Any CPU
		{87EB8434-B8B1-44EC-9831-8DA4727605BB}.Release|ARM64.ActiveCfg = Release|Any CPU
		{87EB8434-B8B1-44EC-9831-8DA4727605BB}.Release|ARM64.Build.0 = Release|Any CPU
		{87EB8434-B8B1-44EC-9831-8DA4727605BB}.Release|x64.ActiveCfg = Release|Any CPU
		{87EB8434-B8B1-44EC-9831-8DA4727605BB}.Release|x64.Build.0 = Release|Any CPU
		{87EB8434-B8B1-44EC-9831-8DA4727605BB}.Release|x86.ActiveCfg = Release|Any CPU
		{87EB8434-B8B1-44EC-9831-8DA4727605BB}.Release|x86.Build.0 = Release|Any CPU
		{1D027615-4B50-4C87-A535-795E45381EFF}.Debug|Any CPU.ActiveCfg = Debug|Any CPU
		{1D027615-4B50-4C87-A535-795E45381EFF}.Debug|Any CPU.Build.0 = Debug|Any CPU
		{1D027615-4B50-4C87-A535-795E45381EFF}.Debug|ARM.ActiveCfg = Debug|Any CPU
		{1D027615-4B50-4C87-A535-795E45381EFF}.Debug|ARM.Build.0 = Debug|Any CPU
		{1D027615-4B50-4C87-A535-795E45381EFF}.Debug|ARM64.ActiveCfg = Debug|Any CPU
		{1D027615-4B50-4C87-A535-795E45381EFF}.Debug|ARM64.Build.0 = Debug|Any CPU
		{1D027615-4B50-4C87-A535-795E45381EFF}.Debug|x64.ActiveCfg = Debug|Any CPU
		{1D027615-4B50-4C87-A535-795E45381EFF}.Debug|x64.Build.0 = Debug|Any CPU
		{1D027615-4B50-4C87-A535-795E45381EFF}.Debug|x86.ActiveCfg = Debug|Any CPU
		{1D027615-4B50-4C87-A535-795E45381EFF}.Debug|x86.Build.0 = Debug|Any CPU
		{1D027615-4B50-4C87-A535-795E45381EFF}.Release|Any CPU.ActiveCfg = Release|Any CPU
		{1D027615-4B50-4C87-A535-795E45381EFF}.Release|Any CPU.Build.0 = Release|Any CPU
		{1D027615-4B50-4C87-A535-795E45381EFF}.Release|ARM.ActiveCfg = Release|Any CPU
		{1D027615-4B50-4C87-A535-795E45381EFF}.Release|ARM.Build.0 = Release|Any CPU
		{1D027615-4B50-4C87-A535-795E45381EFF}.Release|ARM64.ActiveCfg = Release|Any CPU
		{1D027615-4B50-4C87-A535-795E45381EFF}.Release|ARM64.Build.0 = Release|Any CPU
		{1D027615-4B50-4C87-A535-795E45381EFF}.Release|x64.ActiveCfg = Release|Any CPU
		{1D027615-4B50-4C87-A535-795E45381EFF}.Release|x64.Build.0 = Release|Any CPU
		{1D027615-4B50-4C87-A535-795E45381EFF}.Release|x86.ActiveCfg = Release|Any CPU
		{1D027615-4B50-4C87-A535-795E45381EFF}.Release|x86.Build.0 = Release|Any CPU
	EndGlobalSection
	GlobalSection(SolutionProperties) = preSolution
		HideSolutionNode = FALSE
	EndGlobalSection
	GlobalSection(ExtensibilityGlobals) = postSolution
		SolutionGuid = {07E948DB-2760-4CC2-88E2-93B13C50B3AC}
	EndGlobalSection
EndGlobal
